
Microsoft Visual Studio Solution File, Format Version 12.00
# Visual Studio Version 17
VisualStudioVersion = 17.11.35222.181
MinimumVisualStudioVersion = 10.0.40219.1
Project("{FAE04EC0-301F-11D3-BF4B-00C04F79EFBC}") = "ContentWrite", "ContentWrite\ContentWrite.csproj", "{DEF7178C-0500-437F-A821-10C66C067703}"
EndProject
Global
	GlobalSection(SolutionConfigurationPlatforms) = preSolution
		Debug|Any CPU = Debug|Any CPU
		Release|Any CPU = Release|Any CPU
	EndGlobalSection
	GlobalSection(ProjectConfigurationPlatforms) = postSolution
		{DEF7178C-0500-437F-A821-10C66C067703}.Debug|Any CPU.ActiveCfg = Debug|Any CPU
		{DEF7178C-0500-437F-A821-10C66C067703}.Debug|Any CPU.Build.0 = Debug|Any CPU
		{DEF7178C-0500-437F-A821-10C66C067703}.Debug|Any CPU.Deploy.0 = Debug|Any CPU
		{DEF7178C-0500-437F-A821-10C66C067703}.Release|Any CPU.ActiveCfg = Release|Any CPU
		{DEF7178C-0500-437F-A821-10C66C067703}.Release|Any CPU.Build.0 = Release|Any CPU
		{DEF7178C-0500-437F-A821-10C66C067703}.Release|Any CPU.Deploy.0 = Release|Any CPU
	EndGlobalSection
	GlobalSection(SolutionProperties) = preSolution
		HideSolutionNode = FALSE
	EndGlobalSection
	GlobalSection(ExtensibilityGlobals) = postSolution
		SolutionGuid = {CE86B59A-2E97-47BF-9F9F-107170AF55AC}
	EndGlobalSection
EndGlobal
